
Microsoft Visual Studio Solution File, Format Version 12.00
# Visual Studio Version 17
VisualStudioVersion = 17.8.34309.116
MinimumVisualStudioVersion = 10.0.40219.1
Project("{9A19103F-16F7-4668-BE54-9A1E7A4F7556}") = "VRCX-Cef", "Dotnet\VRCX-Cef.csproj", "{D9F66F2E-3ED9-4D53-A6AC-ADCC1513562A}"
EndProject
Project("{9A19103F-16F7-4668-BE54-9A1E7A4F7556}") = "VRCX-Electron", "Dotnet\VRCX-Electron.csproj", "{B0275E4A-FE0F-410A-96F1-1D73DF2535FA}"
EndProject
Project("{9A19103F-16F7-4668-BE54-9A1E7A4F7556}") = "DBMerger", "Dotnet\DBMerger\DBMerger.csproj", "{9BE1DD2F-CABC-4CF9-A53E-C62923760887}"
EndProject
Project("{FAE04EC0-301F-11D3-BF4B-00C04F79EFBC}") = "VRCX-Electron-arm64", "Dotnet\VRCX-Electron-arm64.csproj", "{F7207BF2-5BFF-4E47-9D1C-C662F5A28271}"
EndProject
Project("{2150E333-8FDC-42A3-9474-1A3956D46DE8}") = "Dotnet", "Dotnet", "{71E6E750-85FD-B5BC-4321-E01377EC6231}"
EndProject
Project("{FAE04EC0-301F-11D3-BF4B-00C04F79EFBC}") = "VRCX.Tests", "Dotnet\VRCX.Tests\VRCX.Tests.csproj", "{4530C349-7494-4162-B121-A3DA894F6753}"
EndProject
Global
	GlobalSection(SolutionConfigurationPlatforms) = preSolution
		Debug|x64 = Debug|x64
		Debug|Any CPU = Debug|Any CPU
		Debug|x86 = Debug|x86
		Release|x64 = Release|x64
		Release|Any CPU = Release|Any CPU
		Release|x86 = Release|x86
	EndGlobalSection
	GlobalSection(ProjectConfigurationPlatforms) = postSolution
		{D9F66F2E-3ED9-4D53-A6AC-ADCC1513562A}.Debug|x64.ActiveCfg = Debug|x64
		{D9F66F2E-3ED9-4D53-A6AC-ADCC1513562A}.Debug|x64.Build.0 = Debug|x64
		{D9F66F2E-3ED9-4D53-A6AC-ADCC1513562A}.Debug|Any CPU.ActiveCfg = Debug|Any CPU
		{D9F66F2E-3ED9-4D53-A6AC-ADCC1513562A}.Debug|Any CPU.Build.0 = Debug|Any CPU
		{D9F66F2E-3ED9-4D53-A6AC-ADCC1513562A}.Debug|x86.ActiveCfg = Debug|Any CPU
		{D9F66F2E-3ED9-4D53-A6AC-ADCC1513562A}.Debug|x86.Build.0 = Debug|Any CPU
		{D9F66F2E-3ED9-4D53-A6AC-ADCC1513562A}.Release|x64.ActiveCfg = Release|x64
		{D9F66F2E-3ED9-4D53-A6AC-ADCC1513562A}.Release|x64.Build.0 = Release|x64
		{D9F66F2E-3ED9-4D53-A6AC-ADCC1513562A}.Release|Any CPU.ActiveCfg = Release|Any CPU
		{D9F66F2E-3ED9-4D53-A6AC-ADCC1513562A}.Release|Any CPU.Build.0 = Release|Any CPU
		{D9F66F2E-3ED9-4D53-A6AC-ADCC1513562A}.Release|x86.ActiveCfg = Release|Any CPU
		{D9F66F2E-3ED9-4D53-A6AC-ADCC1513562A}.Release|x86.Build.0 = Release|Any CPU
		{B0275E4A-FE0F-410A-96F1-1D73DF2535FA}.Debug|x64.ActiveCfg = Debug|x64
		{B0275E4A-FE0F-410A-96F1-1D73DF2535FA}.Debug|x64.Build.0 = Debug|x64
		{B0275E4A-FE0F-410A-96F1-1D73DF2535FA}.Debug|Any CPU.ActiveCfg = Debug|Any CPU
		{B0275E4A-FE0F-410A-96F1-1D73DF2535FA}.Debug|Any CPU.Build.0 = Debug|Any CPU
		{B0275E4A-FE0F-410A-96F1-1D73DF2535FA}.Debug|x86.ActiveCfg = Debug|Any CPU
		{B0275E4A-FE0F-410A-96F1-1D73DF2535FA}.Debug|x86.Build.0 = Debug|Any CPU
		{B0275E4A-FE0F-410A-96F1-1D73DF2535FA}.Release|x64.ActiveCfg = Release|x64
		{B0275E4A-FE0F-410A-96F1-1D73DF2535FA}.Release|x64.Build.0 = Release|x64
		{B0275E4A-FE0F-410A-96F1-1D73DF2535FA}.Release|Any CPU.ActiveCfg = Release|Any CPU
		{B0275E4A-FE0F-410A-96F1-1D73DF2535FA}.Release|Any CPU.Build.0 = Release|Any CPU
		{B0275E4A-FE0F-410A-96F1-1D73DF2535FA}.Release|x86.ActiveCfg = Release|Any CPU
		{B0275E4A-FE0F-410A-96F1-1D73DF2535FA}.Release|x86.Build.0 = Release|Any CPU
		{9BE1DD2F-CABC-4CF9-A53E-C62923760887}.Debug|x64.ActiveCfg = Debug|x64
		{9BE1DD2F-CABC-4CF9-A53E-C62923760887}.Debug|x64.Build.0 = Debug|x64
		{9BE1DD2F-CABC-4CF9-A53E-C62923760887}.Debug|Any CPU.ActiveCfg = Debug|Any CPU
		{9BE1DD2F-CABC-4CF9-A53E-C62923760887}.Debug|Any CPU.Build.0 = Debug|Any CPU
		{9BE1DD2F-CABC-4CF9-A53E-C62923760887}.Debug|x86.ActiveCfg = Debug|Any CPU
		{9BE1DD2F-CABC-4CF9-A53E-C62923760887}.Debug|x86.Build.0 = Debug|Any CPU
		{9BE1DD2F-CABC-4CF9-A53E-C62923760887}.Release|x64.ActiveCfg = Release|x64
		{9BE1DD2F-CABC-4CF9-A53E-C62923760887}.Release|x64.Build.0 = Release|x64
		{9BE1DD2F-CABC-4CF9-A53E-C62923760887}.Release|Any CPU.ActiveCfg = Release|Any CPU
		{9BE1DD2F-CABC-4CF9-A53E-C62923760887}.Release|Any CPU.Build.0 = Release|Any CPU
		{9BE1DD2F-CABC-4CF9-A53E-C62923760887}.Release|x86.ActiveCfg = Release|Any CPU
		{9BE1DD2F-CABC-4CF9-A53E-C62923760887}.Release|x86.Build.0 = Release|Any CPU
		{F7207BF2-5BFF-4E47-9D1C-C662F5A28271}.Debug|x64.ActiveCfg = Debug|x64
		{F7207BF2-5BFF-4E47-9D1C-C662F5A28271}.Debug|x64.Build.0 = Debug|x64
		{F7207BF2-5BFF-4E47-9D1C-C662F5A28271}.Debug|Any CPU.ActiveCfg = Debug|Any CPU
		{F7207BF2-5BFF-4E47-9D1C-C662F5A28271}.Debug|Any CPU.Build.0 = Debug|Any CPU
		{F7207BF2-5BFF-4E47-9D1C-C662F5A28271}.Debug|x86.ActiveCfg = Debug|Any CPU
		{F7207BF2-5BFF-4E47-9D1C-C662F5A28271}.Debug|x86.Build.0 = Debug|Any CPU
		{F7207BF2-5BFF-4E47-9D1C-C662F5A28271}.Release|x64.ActiveCfg = Release|x64
		{F7207BF2-5BFF-4E47-9D1C-C662F5A28271}.Release|x64.Build.0 = Release|x64
		{F7207BF2-5BFF-4E47-9D1C-C662F5A28271}.Release|Any CPU.ActiveCfg = Release|Any CPU
		{F7207BF2-5BFF-4E47-9D1C-C662F5A28271}.Release|Any CPU.Build.0 = Release|Any CPU
		{F7207BF2-5BFF-4E47-9D1C-C662F5A28271}.Release|x86.ActiveCfg = Release|Any CPU
		{F7207BF2-5BFF-4E47-9D1C-C662F5A28271}.Release|x86.Build.0 = Release|Any CPU
		{4530C349-7494-4162-B121-A3DA894F6753}.Debug|x64.ActiveCfg = Debug|x64
		{4530C349-7494-4162-B121-A3DA894F6753}.Debug|x64.Build.0 = Debug|x64
		{4530C349-7494-4162-B121-A3DA894F6753}.Debug|Any CPU.ActiveCfg = Debug|x64
		{4530C349-7494-4162-B121-A3DA894F6753}.Debug|Any CPU.Build.0 = Debug|x64
		{4530C349-7494-4162-B121-A3DA894F6753}.Debug|x86.ActiveCfg = Debug|x64
		{4530C349-7494-4162-B121-A3DA894F6753}.Debug|x86.Build.0 = Debug|x64
		{4530C349-7494-4162-B121-A3DA894F6753}.Release|x64.ActiveCfg = Release|x64
		{4530C349-7494-4162-B121-A3DA894F6753}.Release|x64.Build.0 = Release|x64
		{4530C349-7494-4162-B121-A3DA894F6753}.Release|Any CPU.ActiveCfg = Release|x64
		{4530C349-7494-4162-B121-A3DA894F6753}.Release|Any CPU.Build.0 = Release|x64
		{4530C349-7494-4162-B121-A3DA894F6753}.Release|x86.ActiveCfg = Release|x64
		{4530C349-7494-4162-B121-A3DA894F6753}.Release|x86.Build.0 = Release|x64
	EndGlobalSection
	GlobalSection(SolutionProperties) = preSolution
		HideSolutionNode = FALSE
	EndGlobalSection
	GlobalSection(NestedProjects) = preSolution
		{4530C349-7494-4162-B121-A3DA894F6753} = {71E6E750-85FD-B5BC-4321-E01377EC6231}
	EndGlobalSection
	GlobalSection(ExtensibilityGlobals) = postSolution
		SolutionGuid = {797D384F-D118-4CBB-9450-17949F9EFCA4}
	EndGlobalSection
EndGlobal
